
Microsoft Visual Studio Solution File, Format Version 12.00
# Visual Studio Version 17
VisualStudioVersion = 17.5.33312.197
MinimumVisualStudioVersion = 10.0.40219.1
Project("{FAE04EC0-301F-11D3-BF4B-00C04F79EFBC}") = "RealEstate_Tracker", "RealEstate_Tracker\RealEstate_Tracker.csproj", "{DF6790B5-CF2F-436F-93BB-EA87BC92B3F0}"
EndProject
Global
	GlobalSection(SolutionConfigurationPlatforms) = preSolution
		Debug|Any CPU = Debug|Any CPU
		Release|Any CPU = Release|Any CPU
	EndGlobalSection
	GlobalSection(ProjectConfigurationPlatforms) = postSolution
		{DF6790B5-CF2F-436F-93BB-EA87BC92B3F0}.Debug|Any CPU.ActiveCfg = Debug|Any CPU
		{DF6790B5-CF2F-436F-93BB-EA87BC92B3F0}.Debug|Any CPU.Build.0 = Debug|Any CPU
		{DF6790B5-CF2F-436F-93BB-EA87BC92B3F0}.Release|Any CPU.ActiveCfg = Release|Any CPU
		{DF6790B5-CF2F-436F-93BB-EA87BC92B3F0}.Release|Any CPU.Build.0 = Release|Any CPU
	EndGlobalSection
	GlobalSection(SolutionProperties) = preSolution
		HideSolutionNode = FALSE
	EndGlobalSection
	GlobalSection(ExtensibilityGlobals) = postSolution
		SolutionGuid = {38880941-0FB9-42F0-9965-31A3310A1472}
	EndGlobalSection
EndGlobal
